hash: 4b083de89a980cbb7823c59750e54eb71296fc0db4eb58264a4685499a7efc23
updated: 2016-07-05T18:02:28.069895747+01:00
imports:
- name: github.com/gorilla/handlers
  version: 66e6c6f01d8da976ee113437745ca029c2b585a6
- name: github.com/gorilla/websocket
  version: 54f9decdbfb3fe254c5df3d5aa234480989f4af0
- name: github.com/jackspirou/syscerts
  version: b68f5469dff16e102bd6a2d5b3e79341c938d736
- name: github.com/koding/websocketproxy
  version: 870493fd19c48c3e71eaf5c5e03e07658f73bd26
- name: github.com/spf13/pflag
  version: 367864438f1b1a3c7db4da06a2f55b144e6784e0
devImports: []
